// !$*UTF8*$!
{
	archiveVersion = 1;
	classes = {
	};
	objectVersion = 46;
	objects = {

/* Begin PBXBuildFile section */
		581B093413C5346000D345EB /* UIKit.framework in Frameworks */ = {isa = PBXBuildFile; fileRef = 581B093313C5346000D345EB /* UIKit.framework */; };
		581B093613C5346000D345EB /* Foundation.framework in Frameworks */ = {isa = PBXBuildFile; fileRef = 581B093513C5346000D345EB /* Foundation.framework */; };
		581B093813C5346000D345EB /* CoreGraphics.framework in Frameworks */ = {isa = PBXBuildFile; fileRef = 581B093713C5346000D345EB /* CoreGraphics.framework */; };
		581B093E13C5346000D345EB /* InfoPlist.strings in Resources */ = {isa = PBXBuildFile; fileRef = 581B093C13C5346000D345EB /* InfoPlist.strings */; };
		581B094013C5346000D345EB /* main.m in Sources */ = {isa = PBXBuildFile; fileRef = 581B093F13C5346000D345EB /* main.m */; };
		581B094413C5346000D345EB /* Converter2AppDelegate.m in Sources */ = {isa = PBXBuildFile; fileRef = 581B094313C5346000D345EB /* Converter2AppDelegate.m */; };
		581B094713C5346000D345EB /* MainStoryboard.storyboard in Resources */ = {isa = PBXBuildFile; fileRef = 581B094513C5346000D345EB /* MainStoryboard.storyboard */; };
		581B094913C5346000D345EB /* Converter2ViewController.h in Resources */ = {isa = PBXBuildFile; fileRef = 581B094813C5346000D345EB /* Converter2ViewController.h */; };
		581B094B13C5346000D345EB /* Converter2ViewController.m in Sources */ = {isa = PBXBuildFile; fileRef = 581B094A13C5346000D345EB /* Converter2ViewController.m */; };
/* End PBXBuildFile section */

/* Begin PBXFileReference section */
		581B092F13C5346000D345EB /* Converter2.app */ = {isa = PBXFileReference; explicitFileType = wrapper.application; includeInIndex = 0; path = Converter2.app; sourceTree = BUILT_PRODUCTS_DIR; };
		581B093313C5346000D345EB /* UIKit.framework */ = {isa = PBXFileReference; lastKnownFileType = wrapper.framework; name = UIKit.framework; path = System/Library/Frameworks/UIKit.framework; sourceTree = SDKROOT; };
		581B093513C5346000D345EB /* Foundation.framework */ = {isa = PBXFileReference; lastKnownFileType = wrapper.framework; name = Foundation.framework; path = System/Library/Frameworks/Foundation.framework; sourceTree = SDKROOT; };
		581B093713C5346000D345EB /* CoreGraphics.framework */ = {isa = PBXFileReference; lastKnownFileType = wrapper.framework; name = CoreGraphics.framework; path = System/Library/Frameworks/CoreGraphics.framework; sourceTree = SDKROOT; };
		581B093B13C5346000D345EB /* Converter2-Info.plist */ = {isa = PBXFileReference; lastKnownFileType = text.plist.xml; path = "Converter2-Info.plist"; sourceTree = "<group>"; };
		581B093D13C5346000D345EB /* en */ = {isa = PBXFileReference; lastKnownFileType = text.plist.strings; name = en; path = en.lproj/InfoPlist.strings; sourceTree = "<group>"; };
		581B093F13C5346000D345EB /* main.m */ = {isa = PBXFileReference; lastKnownFileType = sourcecode.c.objc; path = main.m; sourceTree = "<group>"; };
		581B094113C5346000D345EB /* Converter2-Prefix.pch */ = {isa = PBXFileReference; lastKnownFileType = sourcecode.c.h; path = "Converter2-Prefix.pch"; sourceTree = "<group>"; };
		581B094213C5346000D345EB /* Converter2AppDelegate.h */ = {isa = PBXFileReference; lastKnownFileType = sourcecode.c.h; path = Converter2AppDelegate.h; sourceTree = "<group>"; };
		581B094313C5346000D345EB /* Converter2AppDelegate.m */ = {isa = PBXFileReference; lastKnownFileType = sourcecode.c.objc; path = Converter2AppDelegate.m; sourceTree = "<group>"; };
		581B094613C5346000D345EB /* en */ = {isa = PBXFileReference; lastKnownFileType = file.storyboard; name = en; path = en.lproj/MainStoryboard.storyboard; sourceTree = "<group>"; };
		581B094813C5346000D345EB /* Converter2ViewController.h */ = {isa = PBXFileReference; lastKnownFileType = sourcecode.c.h; path = Converter2ViewController.h; sourceTree = "<group>"; };
		581B094A13C5346000D345EB /* Converter2ViewController.m */ = {isa = PBXFileReference; lastKnownFileType = sourcecode.c.objc; path = Converter2ViewController.m; sourceTree = "<group>"; };
/* End PBXFileReference section */

/* Begin PBXFrameworksBuildPhase section */
		581B092C13C5346000D345EB /* Frameworks */ = {
			isa = PBXFrameworksBuildPhase;
			buildActionMask = 2147483647;
			files = (
				581B093413C5346000D345EB /* UIKit.framework in Frameworks */,
				581B093613C5346000D345EB /* Foundation.framework in Frameworks */,
				581B093813C5346000D345EB /* CoreGraphics.framework in Frameworks */,
			);
			runOnlyForDeploymentPostprocessing = 0;
		};
/* End PBXFrameworksBuildPhase section */

/* Begin PBXGroup section */
		581B092413C5346000D345EB = {
			isa = PBXGroup;
			children = (
				581B093913C5346000D345EB /* Converter2 */,
				581B093213C5346000D345EB /* Frameworks */,
				581B093013C5346000D345EB /* Products */,
			);
			sourceTree = "<group>";
		};
		581B093013C5346000D345EB /* Products */ = {
			isa = PBXGroup;
			children = (
				581B092F13C5346000D345EB /* Converter2.app */,
			);
			name = Products;
			sourceTree = "<group>";
		};
		581B093213C5346000D345EB /* Frameworks */ = {
			isa = PBXGroup;
			children = (
				581B093313C5346000D345EB /* UIKit.framework */,
				581B093513C5346000D345EB /* Foundation.framework */,
				581B093713C5346000D345EB /* CoreGraphics.framework */,
			);
			name = Frameworks;
			sourceTree = "<group>";
		};
		581B093913C5346000D345EB /* Converter2 */ = {
			isa = PBXGroup;
			children = (
				581B094213C5346000D345EB /* Converter2AppDelegate.h */,
				581B094313C5346000D345EB /* Converter2AppDelegate.m */,
				581B094513C5346000D345EB /* MainStoryboard.storyboard */,
				581B094813C5346000D345EB /* Converter2ViewController.h */,
				581B094A13C5346000D345EB /* Converter2ViewController.m */,
				581B093A13C5346000D345EB /* Supporting Files */,
			);
			path = Converter2;
			sourceTree = "<group>";
		};
		581B093A13C5346000D345EB /* Supporting Files */ = {
			isa = PBXGroup;
			children = (
				581B093B13C5346000D345EB /* Converter2-Info.plist */,
				581B093C13C5346000D345EB /* InfoPlist.strings */,
				581B093F13C5346000D345EB /* main.m */,
				581B094113C5346000D345EB /* Converter2-Prefix.pch */,
			);
			name = "Supporting Files";
			sourceTree = "<group>";
		};
/* End PBXGroup section */

/* Begin PBXNativeTarget section */
		581B092E13C5346000D345EB /* Converter2 */ = {
			isa = PBXNativeTarget;
			buildConfigurationList = 581B094E13C5346000D345EB /* Build configuration list for PBXNativeTarget "Converter2" */;
			buildPhases = (
				581B092B13C5346000D345EB /* Sources */,
				581B092C13C5346000D345EB /* Frameworks */,
				581B092D13C5346000D345EB /* Resources */,
			);
			buildRules = (
			);
			dependencies = (
			);
			name = Converter2;
			productName = Converter2;
			productReference = 581B092F13C5346000D345EB /* Converter2.app */;
			productType = "com.apple.product-type.application";
		};
/* End PBXNativeTarget section */

/* Begin PBXProject section */
		581B092613C5346000D345EB /* Project object */ = {
			isa = PBXProject;
			attributes = {
				ORGANIZATIONNAME = "Loudwater Labs";
			};
			buildConfigurationList = 581B092913C5346000D345EB /* Build configuration list for PBXProject "Converter2" */;
			compatibilityVersion = "Xcode 3.2";
			developmentRegion = English;
			hasScannedForEncodings = 0;
			knownRegions = (
				en,
			);
			mainGroup = 581B092413C5346000D345EB;
			productRefGroup = 581B093013C5346000D345EB /* Products */;
			projectDirPath = "";
			projectRoot = "";
			targets = (
				581B092E13C5346000D345EB /* Converter2 */,
			);
		};
/* End PBXProject section */

/* Begin PBXResourcesBuildPhase section */
		581B092D13C5346000D345EB /* Resources */ = {
			isa = PBXResourcesBuildPhase;
			buildActionMask = 2147483647;
			files = (
				581B093E13C5346000D345EB /* InfoPlist.strings in Resources */,
				581B094713C5346000D345EB /* MainStoryboard.storyboard in Resources */,
				581B094913C5346000D345EB /* Converter2ViewController.h in Resources */,
			);
			runOnlyForDeploymentPostprocessing = 0;
		};
/* End PBXResourcesBuildPhase section */

/* Begin PBXSourcesBuildPhase section */
		581B092B13C5346000D345EB /* Sources */ = {
			isa = PBXSourcesBuildPhase;
			buildActionMask = 2147483647;
			files = (
				581B094013C5346000D345EB /* main.m in Sources */,
				581B094413C5346000D345EB /* Converter2AppDelegate.m in Sources */,
				581B094B13C5346000D345EB /* Converter2ViewController.m in Sources */,
			);
			runOnlyForDeploymentPostprocessing = 0;
		};
/* End PBXSourcesBuildPhase section */

/* Begin PBXVariantGroup section */
		581B093C13C5346000D345EB /* InfoPlist.strings */ = {
			isa = PBXVariantGroup;
			children = (
				581B093D13C5346000D345EB /* en */,
			);
			name = InfoPlist.strings;
			sourceTree = "<group>";
		};
		581B094513C5346000D345EB /* MainStoryboard.storyboard */ = {
			isa = PBXVariantGroup;
			children = (
				581B094613C5346000D345EB /* en */,
			);
			name = MainStoryboard.storyboard;
			sourceTree = "<group>";
		};
/* End PBXVariantGroup section */

/* Begin XCBuildConfiguration section */
		581B094C13C5346000D345EB /* Debug */ = {
			isa = XCBuildConfiguration;
			buildSettings = {
				ALWAYS_SEARCH_USER_PATHS = NO;
				ARCHS = "$(ARCHS_STANDARD_32_BIT)";
				CLANG_ENABLE_OBJC_ARC = YES;
				"CODE_SIGN_IDENTITY[sdk=iphoneos*]" = "iPhone Developer";
				COPY_PHASE_STRIP = NO;
				GCC_C_LANGUAGE_STANDARD = gnu99;
				GCC_DYNAMIC_NO_PIC = NO;
				GCC_OPTIMIZATION_LEVEL = 0;
				GCC_PREPROCESSOR_DEFINITIONS = (
					"DEBUG=1",
					"$(inherited)",
				);
				GCC_SYMBOLS_PRIVATE_EXTERN = NO;
				GCC_VERSION = com.apple.compilers.llvm.clang.1_0;
				GCC_WARN_ABOUT_MISSING_PROTOTYPES = YES;
				GCC_WARN_ABOUT_RETURN_TYPE = YES;
				GCC_WARN_UNUSED_VARIABLE = YES;
				IPHONEOS_DEPLOYMENT_TARGET = 5.0;
				SDKROOT = iphoneos;
			};
			name = Debug;
		};
		581B094D13C5346000D345EB /* Release */ = {
			isa = XCBuildConfiguration;
			buildSettings = {
				ALWAYS_SEARCH_USER_PATHS = NO;
				ARCHS = "$(ARCHS_STANDARD_32_BIT)";
				CLANG_ENABLE_OBJC_ARC = YES;
				"CODE_SIGN_IDENTITY[sdk=iphoneos*]" = "iPhone Developer";
				COPY_PHASE_STRIP = YES;
				GCC_C_LANGUAGE_STANDARD = gnu99;
				GCC_VERSION = com.apple.compilers.llvm.clang.1_0;
				GCC_WARN_ABOUT_MISSING_PROTOTYPES = YES;
				GCC_WARN_ABOUT_RETURN_TYPE = YES;
				GCC_WARN_UNUSED_VARIABLE = YES;
				IPHONEOS_DEPLOYMENT_TARGET = 5.0;
				OTHER_CFLAGS = "-DNS_BLOCK_ASSERTIONS=1";
				SDKROOT = iphoneos;
				VALIDATE_PRODUCT = YES;
			};
			name = Release;
		};
		581B094F13C5346000D345EB /* Debug */ = {
			isa = XCBuildConfiguration;
			buildSettings = {
				GCC_PRECOMPILE_PREFIX_HEADER = YES;
				GCC_PREFIX_HEADER = "Converter2/Converter2-Prefix.pch";
				INFOPLIST_FILE = "Converter2/Converter2-Info.plist";
				PRODUCT_NAME = "$(TARGET_NAME)";
				WRAPPER_EXTENSION = app;
			};
			name = Debug;
		};
		581B095013C5346000D345EB /* Release */ = {
			isa = XCBuildConfiguration;
			buildSettings = {
				GCC_PRECOMPILE_PREFIX_HEADER = YES;
				GCC_PREFIX_HEADER = "Converter2/Converter2-Prefix.pch";
				INFOPLIST_FILE = "Converter2/Converter2-Info.plist";
				PRODUCT_NAME = "$(TARGET_NAME)";
				WRAPPER_EXTENSION = app;
			};
			name = Release;
		};
/* End XCBuildConfiguration section */

/* Begin XCConfigurationList section */
		581B092913C5346000D345EB /* Build configuration list for PBXProject "Converter2" */ = {
			isa = XCConfigurationList;
			buildConfigurations = (
				581B094C13C5346000D345EB /* Debug */,
				581B094D13C5346000D345EB /* Release */,
			);
			defaultConfigurationIsVisible = 0;
			defaultConfigurationName = Release;
		};
		581B094E13C5346000D345EB /* Build configuration list for PBXNativeTarget "Converter2" */ = {
			isa = XCConfigurationList;
			buildConfigurations = (
				581B094F13C5346000D345EB /* Debug */,
				581B095013C5346000D345EB /* Release */,
			);
			defaultConfigurationIsVisible = 0;
		};
/* End XCConfigurationList section */
	};
	rootObject = 581B092613C5346000D345EB /* Project object */;
}
